// !$*UTF8*$!
{
	archiveVersion = 1;
	classes = {
	};
	objectVersion = 46;
	objects = {

/* Begin PBXBuildFile section */
		7CEFCD581A84440C00B9CD95 /* AppDelegate.swift in Sources */ = {isa = PBXBuildFile; fileRef = 7CEFCD571A84440C00B9CD95 /* AppDelegate.swift */; };
		7CEFCD5B1A84440C00B9CD95 /* EatUp.xcdatamodeld in Sources */ = {isa = PBXBuildFile; fileRef = 7CEFCD591A84440C00B9CD95 /* EatUp.xcdatamodeld */; };
		7CEFCD5D1A84440C00B9CD95 /* ViewController.swift in Sources */ = {isa = PBXBuildFile; fileRef = 7CEFCD5C1A84440C00B9CD95 /* ViewController.swift */; };
		7CEFCD601A84440C00B9CD95 /* Main.storyboard in Resources */ = {isa = PBXBuildFile; fileRef = 7CEFCD5E1A84440C00B9CD95 /* Main.storyboard */; };
		7CEFCD621A84440C00B9CD95 /* Images.xcassets in Resources */ = {isa = PBXBuildFile; fileRef = 7CEFCD611A84440C00B9CD95 /* Images.xcassets */; };
		7CEFCD651A84440C00B9CD95 /* LaunchScreen.xib in Resources */ = {isa = PBXBuildFile; fileRef = 7CEFCD631A84440C00B9CD95 /* LaunchScreen.xib */; };
		7CEFCD711A84440C00B9CD95 /* EatUpTests.swift in Sources */ = {isa = PBXBuildFile; fileRef = 7CEFCD701A84440C00B9CD95 /* EatUpTests.swift */; };
		7CEFCD7B1A84450C00B9CD95 /* MapKit.framework in Frameworks */ = {isa = PBXBuildFile; fileRef = 7CEFCD7A1A84450C00B9CD95 /* MapKit.framework */; };
		7CEFCD7D1A8446EF00B9CD95 /* DraggableView.swift in Sources */ = {isa = PBXBuildFile; fileRef = 7CEFCD7C1A8446EF00B9CD95 /* DraggableView.swift */; };
/* End PBXBuildFile section */

/* Begin PBXContainerItemProxy section */
		7CEFCD6B1A84440C00B9CD95 /* PBXContainerItemProxy */ = {
			isa = PBXContainerItemProxy;
			containerPortal = 7CEFCD4A1A84440C00B9CD95 /* Project object */;
			proxyType = 1;
			remoteGlobalIDString = 7CEFCD511A84440C00B9CD95;
			remoteInfo = EatUp;
		};
/* End PBXContainerItemProxy section */

/* Begin PBXFileReference section */
		7CEFCD521A84440C00B9CD95 /* EatUp.app */ = {isa = PBXFileReference; explicitFileType = wrapper.application; includeInIndex = 0; path = EatUp.app; sourceTree = BUILT_PRODUCTS_DIR; };
		7CEFCD561A84440C00B9CD95 /* Info.plist */ = {isa = PBXFileReference; lastKnownFileType = text.plist.xml; path = Info.plist; sourceTree = "<group>"; };
		7CEFCD571A84440C00B9CD95 /* AppDelegate.swift */ = {isa = PBXFileReference; lastKnownFileType = sourcecode.swift; path = AppDelegate.swift; sourceTree = "<group>"; };
		7CEFCD5A1A84440C00B9CD95 /* EatUp.xcdatamodel */ = {isa = PBXFileReference; lastKnownFileType = wrapper.xcdatamodel; path = EatUp.xcdatamodel; sourceTree = "<group>"; };
		7CEFCD5C1A84440C00B9CD95 /* ViewController.swift */ = {isa = PBXFileReference; lastKnownFileType = sourcecode.swift; path = ViewController.swift; sourceTree = "<group>"; };
		7CEFCD5F1A84440C00B9CD95 /* Base */ = {isa = PBXFileReference; lastKnownFileType = file.storyboard; name = Base; path = Base.lproj/Main.storyboard; sourceTree = "<group>"; };
		7CEFCD611A84440C00B9CD95 /* Images.xcassets */ = {isa = PBXFileReference; lastKnownFileType = folder.assetcatalog; path = Images.xcassets; sourceTree = "<group>"; };
		7CEFCD641A84440C00B9CD95 /* Base */ = {isa = PBXFileReference; lastKnownFileType = file.xib; name = Base; path = Base.lproj/LaunchScreen.xib; sourceTree = "<group>"; };
		7CEFCD6A1A84440C00B9CD95 /* EatUpTests.xctest */ = {isa = PBXFileReference; explicitFileType = wrapper.cfbundle; includeInIndex = 0; path = EatUpTests.xctest; sourceTree = BUILT_PRODUCTS_DIR; };
		7CEFCD6F1A84440C00B9CD95 /* Info.plist */ = {isa = PBXFileReference; lastKnownFileType = text.plist.xml; path = Info.plist; sourceTree = "<group>"; };
		7CEFCD701A84440C00B9CD95 /* EatUpTests.swift */ = {isa = PBXFileReference; lastKnownFileType = sourcecode.swift; path = EatUpTests.swift; sourceTree = "<group>"; };
		7CEFCD7A1A84450C00B9CD95 /* MapKit.framework */ = {isa = PBXFileReference; lastKnownFileType = wrapper.framework; name = MapKit.framework; path = System/Library/Frameworks/MapKit.framework; sourceTree = SDKROOT; };
		7CEFCD7C1A8446EF00B9CD95 /* DraggableView.swift */ = {isa = PBXFileReference; fileEncoding = 4; lastKnownFileType = sourcecode.swift; path = DraggableView.swift; sourceTree = "<group>"; };
/* End PBXFileReference section */

/* Begin PBXFrameworksBuildPhase section */
		7CEFCD4F1A84440C00B9CD95 /* Frameworks */ = {
			isa = PBXFrameworksBuildPhase;
			buildActionMask = 2147483647;
			files = (
				7CEFCD7B1A84450C00B9CD95 /* MapKit.framework in Frameworks */,
			);
			runOnlyForDeploymentPostprocessing = 0;
		};
		7CEFCD671A84440C00B9CD95 /* Frameworks */ = {
			isa = PBXFrameworksBuildPhase;
			buildActionMask = 2147483647;
			files = (
			);
			runOnlyForDeploymentPostprocessing = 0;
		};
/* End PBXFrameworksBuildPhase section */

/* Begin PBXGroup section */
		7CEFCD491A84440C00B9CD95 = {
			isa = PBXGroup;
			children = (
				7CEFCD7A1A84450C00B9CD95 /* MapKit.framework */,
				7CEFCD541A84440C00B9CD95 /* EatUp */,
				7CEFCD6D1A84440C00B9CD95 /* EatUpTests */,
				7CEFCD531A84440C00B9CD95 /* Products */,
			);
			sourceTree = "<group>";
		};
		7CEFCD531A84440C00B9CD95 /* Products */ = {
			isa = PBXGroup;
			children = (
				7CEFCD521A84440C00B9CD95 /* EatUp.app */,
				7CEFCD6A1A84440C00B9CD95 /* EatUpTests.xctest */,
			);
			name = Products;
			sourceTree = "<group>";
		};
		7CEFCD541A84440C00B9CD95 /* EatUp */ = {
			isa = PBXGroup;
			children = (
				7CEFCD571A84440C00B9CD95 /* AppDelegate.swift */,
				7CEFCD5C1A84440C00B9CD95 /* ViewController.swift */,
				7CEFCD7C1A8446EF00B9CD95 /* DraggableView.swift */,
				7CEFCD5E1A84440C00B9CD95 /* Main.storyboard */,
				7CEFCD611A84440C00B9CD95 /* Images.xcassets */,
				7CEFCD631A84440C00B9CD95 /* LaunchScreen.xib */,
				7CEFCD591A84440C00B9CD95 /* EatUp.xcdatamodeld */,
				7CEFCD551A84440C00B9CD95 /* Supporting Files */,
			);
			path = EatUp;
			sourceTree = "<group>";
		};
		7CEFCD551A84440C00B9CD95 /* Supporting Files */ = {
			isa = PBXGroup;
			children = (
				7CEFCD561A84440C00B9CD95 /* Info.plist */,
			);
			name = "Supporting Files";
			sourceTree = "<group>";
		};
		7CEFCD6D1A84440C00B9CD95 /* EatUpTests */ = {
			isa = PBXGroup;
			children = (
				7CEFCD701A84440C00B9CD95 /* EatUpTests.swift */,
				7CEFCD6E1A84440C00B9CD95 /* Supporting Files */,
			);
			path = EatUpTests;
			sourceTree = "<group>";
		};
		7CEFCD6E1A84440C00B9CD95 /* Supporting Files */ = {
			isa = PBXGroup;
			children = (
				7CEFCD6F1A84440C00B9CD95 /* Info.plist */,
			);
			name = "Supporting Files";
			sourceTree = "<group>";
		};
/* End PBXGroup section */

/* Begin PBXNativeTarget section */
		7CEFCD511A84440C00B9CD95 /* EatUp */ = {
			isa = PBXNativeTarget;
			buildConfigurationList = 7CEFCD741A84440C00B9CD95 /* Build configuration list for PBXNativeTarget "EatUp" */;
			buildPhases = (
				7CEFCD4E1A84440C00B9CD95 /* Sources */,
				7CEFCD4F1A84440C00B9CD95 /* Frameworks */,
				7CEFCD501A84440C00B9CD95 /* Resources */,
			);
			buildRules = (
			);
			dependencies = (
			);
			name = EatUp;
			productName = EatUp;
			productReference = 7CEFCD521A84440C00B9CD95 /* EatUp.app */;
			productType = "com.apple.product-type.application";
		};
		7CEFCD691A84440C00B9CD95 /* EatUpTests */ = {
			isa = PBXNativeTarget;
			buildConfigurationList = 7CEFCD771A84440C00B9CD95 /* Build configuration list for PBXNativeTarget "EatUpTests" */;
			buildPhases = (
				7CEFCD661A84440C00B9CD95 /* Sources */,
				7CEFCD671A84440C00B9CD95 /* Frameworks */,
				7CEFCD681A84440C00B9CD95 /* Resources */,
			);
			buildRules = (
			);
			dependencies = (
				7CEFCD6C1A84440C00B9CD95 /* PBXTargetDependency */,
			);
			name = EatUpTests;
			productName = EatUpTests;
			productReference = 7CEFCD6A1A84440C00B9CD95 /* EatUpTests.xctest */;
			productType = "com.apple.product-type.bundle.unit-test";
		};
/* End PBXNativeTarget section */

/* Begin PBXProject section */
		7CEFCD4A1A84440C00B9CD95 /* Project object */ = {
			isa = PBXProject;
			attributes = {
				LastUpgradeCheck = 0610;
				ORGANIZATIONNAME = "Visceral Origami LLC";
				TargetAttributes = {
					7CEFCD511A84440C00B9CD95 = {
						CreatedOnToolsVersion = 6.1.1;
						SystemCapabilities = {
							com.apple.Maps.iOS = {
								enabled = 1;
							};
						};
					};
					7CEFCD691A84440C00B9CD95 = {
						CreatedOnToolsVersion = 6.1.1;
						TestTargetID = 7CEFCD511A84440C00B9CD95;
					};
				};
			};
			buildConfigurationList = 7CEFCD4D1A84440C00B9CD95 /* Build configuration list for PBXProject "EatUp" */;
			compatibilityVersion = "Xcode 3.2";
			developmentRegion = English;
			hasScannedForEncodings = 0;
			knownRegions = (
				en,
				Base,
			);
			mainGroup = 7CEFCD491A84440C00B9CD95;
			productRefGroup = 7CEFCD531A84440C00B9CD95 /* Products */;
			projectDirPath = "";
			projectRoot = "";
			targets = (
				7CEFCD511A84440C00B9CD95 /* EatUp */,
				7CEFCD691A84440C00B9CD95 /* EatUpTests */,
			);
		};
/* End PBXProject section */

/* Begin PBXResourcesBuildPhase section */
		7CEFCD501A84440C00B9CD95 /* Resources */ = {
			isa = PBXResourcesBuildPhase;
			buildActionMask = 2147483647;
			files = (
				7CEFCD601A84440C00B9CD95 /* Main.storyboard in Resources */,
				7CEFCD651A84440C00B9CD95 /* LaunchScreen.xib in Resources */,
				7CEFCD621A84440C00B9CD95 /* Images.xcassets in Resources */,
			);
			runOnlyForDeploymentPostprocessing = 0;
		};
		7CEFCD681A84440C00B9CD95 /* Resources */ = {
			isa = PBXResourcesBuildPhase;
			buildActionMask = 2147483647;
			files = (
			);
			runOnlyForDeploymentPostprocessing = 0;
		};
/* End PBXResourcesBuildPhase section */

/* Begin PBXSourcesBuildPhase section */
		7CEFCD4E1A84440C00B9CD95 /* Sources */ = {
			isa = PBXSourcesBuildPhase;
			buildActionMask = 2147483647;
			files = (
				7CEFCD5D1A84440C00B9CD95 /* ViewController.swift in Sources */,
				7CEFCD581A84440C00B9CD95 /* AppDelegate.swift in Sources */,
				7CEFCD7D1A8446EF00B9CD95 /* DraggableView.swift in Sources */,
				7CEFCD5B1A84440C00B9CD95 /* EatUp.xcdatamodeld in Sources */,
			);
			runOnlyForDeploymentPostprocessing = 0;
		};
		7CEFCD661A84440C00B9CD95 /* Sources */ = {
			isa = PBXSourcesBuildPhase;
			buildActionMask = 2147483647;
			files = (
				7CEFCD711A84440C00B9CD95 /* EatUpTests.swift in Sources */,
			);
			runOnlyForDeploymentPostprocessing = 0;
		};
/* End PBXSourcesBuildPhase section */

/* Begin PBXTargetDependency section */
		7CEFCD6C1A84440C00B9CD95 /* PBXTargetDependency */ = {
			isa = PBXTargetDependency;
			target = 7CEFCD511A84440C00B9CD95 /* EatUp */;
			targetProxy = 7CEFCD6B1A84440C00B9CD95 /* PBXContainerItemProxy */;
		};
/* End PBXTargetDependency section */

/* Begin PBXVariantGroup section */
		7CEFCD5E1A84440C00B9CD95 /* Main.storyboard */ = {
			isa = PBXVariantGroup;
			children = (
				7CEFCD5F1A84440C00B9CD95 /* Base */,
			);
			name = Main.storyboard;
			sourceTree = "<group>";
		};
		7CEFCD631A84440C00B9CD95 /* LaunchScreen.xib */ = {
			isa = PBXVariantGroup;
			children = (
				7CEFCD641A84440C00B9CD95 /* Base */,
			);
			name = LaunchScreen.xib;
			sourceTree = "<group>";
		};
/* End PBXVariantGroup section */

/* Begin XCBuildConfiguration section */
		7CEFCD721A84440C00B9CD95 /* Debug */ = {
			isa = XCBuildConfiguration;
			buildSettings = {
				ALWAYS_SEARCH_USER_PATHS = NO;
				CLANG_CXX_LANGUAGE_STANDARD = "gnu++0x";
				CLANG_CXX_LIBRARY = "libc++";
				CLANG_ENABLE_MODULES = YES;
				CLANG_ENABLE_OBJC_ARC = YES;
				CLANG_WARN_BOOL_CONVERSION = YES;
				CLANG_WARN_CONSTANT_CONVERSION = YES;
				CLANG_WARN_DIRECT_OBJC_ISA_USAGE = YES_ERROR;
				CLANG_WARN_EMPTY_BODY = YES;
				CLANG_WARN_ENUM_CONVERSION = YES;
				CLANG_WARN_INT_CONVERSION = YES;
				CLANG_WARN_OBJC_ROOT_CLASS = YES_ERROR;
				CLANG_WARN_UNREACHABLE_CODE = YES;
				CLANG_WARN__DUPLICATE_METHOD_MATCH = YES;
				"CODE_SIGN_IDENTITY[sdk=iphoneos*]" = "iPhone Developer";
				COPY_PHASE_STRIP = NO;
				ENABLE_STRICT_OBJC_MSGSEND = YES;
				GCC_C_LANGUAGE_STANDARD = gnu99;
				GCC_DYNAMIC_NO_PIC = NO;
				GCC_OPTIMIZATION_LEVEL = 0;
				GCC_PREPROCESSOR_DEFINITIONS = (
					"DEBUG=1",
					"$(inherited)",
				);
				GCC_SYMBOLS_PRIVATE_EXTERN = NO;
				GCC_WARN_64_TO_32_BIT_CONVERSION = YES;
				GCC_WARN_ABOUT_RETURN_TYPE = YES_ERROR;
				GCC_WARN_UNDECLARED_SELECTOR = YES;
				GCC_WARN_UNINITIALIZED_AUTOS = YES_AGGRESSIVE;
				GCC_WARN_UNUSED_FUNCTION = YES;
				GCC_WARN_UNUSED_VARIABLE = YES;
				IPHONEOS_DEPLOYMENT_TARGET = 8.1;
				MTL_ENABLE_DEBUG_INFO = YES;
				ONLY_ACTIVE_ARCH = YES;
				SDKROOT = iphoneos;
				SWIFT_OPTIMIZATION_LEVEL = "-Onone";
			};
			name = Debug;
		};
		7CEFCD731A84440C00B9CD95 /* Release */ = {
			isa = XCBuildConfiguration;
			buildSettings = {
				ALWAYS_SEARCH_USER_PATHS = NO;
				CLANG_CXX_LANGUAGE_STANDARD = "gnu++0x";
				CLANG_CXX_LIBRARY = "libc++";
				CLANG_ENABLE_MODULES = YES;
				CLANG_ENABLE_OBJC_ARC = YES;
				CLANG_WARN_BOOL_CONVERSION = YES;
				CLANG_WARN_CONSTANT_CONVERSION = YES;
				CLANG_WARN_DIRECT_OBJC_ISA_USAGE = YES_ERROR;
				CLANG_WARN_EMPTY_BODY = YES;
				CLANG_WARN_ENUM_CONVERSION = YES;
				CLANG_WARN_INT_CONVERSION = YES;
				CLANG_WARN_OBJC_ROOT_CLASS = YES_ERROR;
				CLANG_WARN_UNREACHABLE_CODE = YES;
				CLANG_WARN__DUPLICATE_METHOD_MATCH = YES;
				"CODE_SIGN_IDENTITY[sdk=iphoneos*]" = "iPhone Developer";
				COPY_PHASE_STRIP = YES;
				ENABLE_NS_ASSERTIONS = NO;
				ENABLE_STRICT_OBJC_MSGSEND = YES;
				GCC_C_LANGUAGE_STANDARD = gnu99;
				GCC_WARN_64_TO_32_BIT_CONVERSION = YES;
				GCC_WARN_ABOUT_RETURN_TYPE = YES_ERROR;
				GCC_WARN_UNDECLARED_SELECTOR = YES;
				GCC_WARN_UNINITIALIZED_AUTOS = YES_AGGRESSIVE;
				GCC_WARN_UNUSED_FUNCTION = YES;
				GCC_WARN_UNUSED_VARIABLE = YES;
				IPHONEOS_DEPLOYMENT_TARGET = 8.1;
				MTL_ENABLE_DEBUG_INFO = NO;
				SDKROOT = iphoneos;
				VALIDATE_PRODUCT = YES;
			};
			name = Release;
		};
		7CEFCD751A84440C00B9CD95 /* Debug */ = {
			isa = XCBuildConfiguration;
			buildSettings = {
				ASSETCATALOG_COMPILER_APPICON_NAME = AppIcon;
				INFOPLIST_FILE = EatUp/Info.plist;
				LD_RUNPATH_SEARCH_PATHS = "$(inherited) @executable_path/Frameworks";
				PRODUCT_NAME = "$(TARGET_NAME)";
			};
			name = Debug;
		};
		7CEFCD761A84440C00B9CD95 /* Release */ = {
			isa = XCBuildConfiguration;
			buildSettings = {
				ASSETCATALOG_COMPILER_APPICON_NAME = AppIcon;
				INFOPLIST_FILE = EatUp/Info.plist;
				LD_RUNPATH_SEARCH_PATHS = "$(inherited) @executable_path/Frameworks";
				PRODUCT_NAME = "$(TARGET_NAME)";
			};
			name = Release;
		};
		7CEFCD781A84440C00B9CD95 /* Debug */ = {
			isa = XCBuildConfiguration;
			buildSettings = {
				BUNDLE_LOADER = "$(TEST_HOST)";
				FRAMEWORK_SEARCH_PATHS = (
					"$(SDKROOT)/Developer/Library/Frameworks",
					"$(inherited)",
				);
				GCC_PREPROCESSOR_DEFINITIONS = (
					"DEBUG=1",
					"$(inherited)",
				);
				INFOPLIST_FILE = EatUpTests/Info.plist;
				LD_RUNPATH_SEARCH_PATHS = "$(inherited) @executable_path/Frameworks @loader_path/Frameworks";
				PRODUCT_NAME = "$(TARGET_NAME)";
				TEST_HOST = "$(BUILT_PRODUCTS_DIR)/EatUp.app/EatUp";
			};
			name = Debug;
		};
		7CEFCD791A84440C00B9CD95 /* Release */ = {
			isa = XCBuildConfiguration;
			buildSettings = {
				BUNDLE_LOADER = "$(TEST_HOST)";
				FRAMEWORK_SEARCH_PATHS = (
					"$(SDKROOT)/Developer/Library/Frameworks",
					"$(inherited)",
				);
				INFOPLIST_FILE = EatUpTests/Info.plist;
				LD_RUNPATH_SEARCH_PATHS = "$(inherited) @executable_path/Frameworks @loader_path/Frameworks";
				PRODUCT_NAME = "$(TARGET_NAME)";
				TEST_HOST = "$(BUILT_PRODUCTS_DIR)/EatUp.app/EatUp";
			};
			name = Release;
		};
/* End XCBuildConfiguration section */

/* Begin XCConfigurationList section */
		7CEFCD4D1A84440C00B9CD95 /* Build configuration list for PBXProject "EatUp" */ = {
			isa = XCConfigurationList;
			buildConfigurations = (
				7CEFCD721A84440C00B9CD95 /* Debug */,
				7CEFCD731A84440C00B9CD95 /* Release */,
			);
			defaultConfigurationIsVisible = 0;
			defaultConfigurationName = Release;
		};
		7CEFCD741A84440C00B9CD95 /* Build configuration list for PBXNativeTarget "EatUp" */ = {
			isa = XCConfigurationList;
			buildConfigurations = (
				7CEFCD751A84440C00B9CD95 /* Debug */,
				7CEFCD761A84440C00B9CD95 /* Release */,
			);
			defaultConfigurationIsVisible = 0;
		};
		7CEFCD771A84440C00B9CD95 /* Build configuration list for PBXNativeTarget "EatUpTests" */ = {
			isa = XCConfigurationList;
			buildConfigurations = (
				7CEFCD781A84440C00B9CD95 /* Debug */,
				7CEFCD791A84440C00B9CD95 /* Release */,
			);
			defaultConfigurationIsVisible = 0;
		};
/* End XCConfigurationList section */

/* Begin XCVersionGroup section */
		7CEFCD591A84440C00B9CD95 /* EatUp.xcdatamodeld */ = {
			isa = XCVersionGroup;
			children = (
				7CEFCD5A1A84440C00B9CD95 /* EatUp.xcdatamodel */,
			);
			currentVersion = 7CEFCD5A1A84440C00B9CD95 /* EatUp.xcdatamodel */;
			path = EatUp.xcdatamodeld;
			sourceTree = "<group>";
			versionGroupType = wrapper.xcdatamodel;
		};
/* End XCVersionGroup section */
	};
	rootObject = 7CEFCD4A1A84440C00B9CD95 /* Project object */;
}
